// !$*UTF8*$!
{
	archiveVersion = 1;
	classes = {
	};
	objectVersion = 56;
	objects = {

/* Begin PBXBuildFile section */
		265E79722A06DAF80020ACF4 /* RecipeMakerApp.swift in Sources */ = {isa = PBXBuildFile; fileRef = 265E79712A06DAF80020ACF4 /* RecipeMakerApp.swift */; };
		265E79762A06DAF80020ACF4 /* Assets.xcassets in Resources */ = {isa = PBXBuildFile; fileRef = 265E79752A06DAF80020ACF4 /* Assets.xcassets */; };
		265E79792A06DAF80020ACF4 /* Preview Assets.xcassets in Resources */ = {isa = PBXBuildFile; fileRef = 265E79782A06DAF80020ACF4 /* Preview Assets.xcassets */; };
		265E79822A06DBB20020ACF4 /* TabBarView.swift in Sources */ = {isa = PBXBuildFile; fileRef = 265E79812A06DBB20020ACF4 /* TabBarView.swift */; };
		265E79852A06E2080020ACF4 /* FindRecipesView.swift in Sources */ = {isa = PBXBuildFile; fileRef = 265E79842A06E2080020ACF4 /* FindRecipesView.swift */; };
		265E79882A06E26B0020ACF4 /* FoodContentView.swift in Sources */ = {isa = PBXBuildFile; fileRef = 265E79872A06E26B0020ACF4 /* FoodContentView.swift */; };
		265E798A2A06E3B70020ACF4 /* FoodContentViewModel.swift in Sources */ = {isa = PBXBuildFile; fileRef = 265E79892A06E3B70020ACF4 /* FoodContentViewModel.swift */; };
		265E798C2A06E41C0020ACF4 /* FindRecipesViewModel.swift in Sources */ = {isa = PBXBuildFile; fileRef = 265E798B2A06E41C0020ACF4 /* FindRecipesViewModel.swift */; };
		265E798F2A06F2220020ACF4 /* RecipeCell.swift in Sources */ = {isa = PBXBuildFile; fileRef = 265E798E2A06F2220020ACF4 /* RecipeCell.swift */; };
		265E79922A06F2570020ACF4 /* RecipeItem.swift in Sources */ = {isa = PBXBuildFile; fileRef = 265E79912A06F2570020ACF4 /* RecipeItem.swift */; };
		26CCAF582A06FF6A00E06C83 /* FoodContentItem.swift in Sources */ = {isa = PBXBuildFile; fileRef = 26CCAF572A06FF6A00E06C83 /* FoodContentItem.swift */; };
		26CCAF5B2A06FF7B00E06C83 /* FoodContentCell.swift in Sources */ = {isa = PBXBuildFile; fileRef = 26CCAF5A2A06FF7B00E06C83 /* FoodContentCell.swift */; };
		26CCAF5F2A07007400E06C83 /* View+CornerRadius.swift in Sources */ = {isa = PBXBuildFile; fileRef = 26CCAF5E2A07007400E06C83 /* View+CornerRadius.swift */; };
		26CCAF632A07009300E06C83 /* RoundedCorner.swift in Sources */ = {isa = PBXBuildFile; fileRef = 26CCAF622A07009300E06C83 /* RoundedCorner.swift */; };
/* End PBXBuildFile section */

/* Begin PBXFileReference section */
		265E796E2A06DAF80020ACF4 /* RecipeMaker.app */ = {isa = PBXFileReference; explicitFileType = wrapper.application; includeInIndex = 0; path = RecipeMaker.app; sourceTree = BUILT_PRODUCTS_DIR; };
		265E79712A06DAF80020ACF4 /* RecipeMakerApp.swift */ = {isa = PBXFileReference; lastKnownFileType = sourcecode.swift; path = RecipeMakerApp.swift; sourceTree = "<group>"; };
		265E79752A06DAF80020ACF4 /* Assets.xcassets */ = {isa = PBXFileReference; lastKnownFileType = folder.assetcatalog; path = Assets.xcassets; sourceTree = "<group>"; };
		265E79782A06DAF80020ACF4 /* Preview Assets.xcassets */ = {isa = PBXFileReference; lastKnownFileType = folder.assetcatalog; path = "Preview Assets.xcassets"; sourceTree = "<group>"; };
		265E79812A06DBB20020ACF4 /* TabBarView.swift */ = {isa = PBXFileReference; lastKnownFileType = sourcecode.swift; path = TabBarView.swift; sourceTree = "<group>"; };
		265E79842A06E2080020ACF4 /* FindRecipesView.swift */ = {isa = PBXFileReference; lastKnownFileType = sourcecode.swift; path = FindRecipesView.swift; sourceTree = "<group>"; };
		265E79872A06E26B0020ACF4 /* FoodContentView.swift */ = {isa = PBXFileReference; lastKnownFileType = sourcecode.swift; path = FoodContentView.swift; sourceTree = "<group>"; };
		265E79892A06E3B70020ACF4 /* FoodContentViewModel.swift */ = {isa = PBXFileReference; lastKnownFileType = sourcecode.swift; path = FoodContentViewModel.swift; sourceTree = "<group>"; };
		265E798B2A06E41C0020ACF4 /* FindRecipesViewModel.swift */ = {isa = PBXFileReference; lastKnownFileType = sourcecode.swift; path = FindRecipesViewModel.swift; sourceTree = "<group>"; };
		265E798E2A06F2220020ACF4 /* RecipeCell.swift */ = {isa = PBXFileReference; lastKnownFileType = sourcecode.swift; path = RecipeCell.swift; sourceTree = "<group>"; };
		265E79912A06F2570020ACF4 /* RecipeItem.swift */ = {isa = PBXFileReference; lastKnownFileType = sourcecode.swift; path = RecipeItem.swift; sourceTree = "<group>"; };
		26CCAF572A06FF6A00E06C83 /* FoodContentItem.swift */ = {isa = PBXFileReference; lastKnownFileType = sourcecode.swift; path = FoodContentItem.swift; sourceTree = "<group>"; };
		26CCAF5A2A06FF7B00E06C83 /* FoodContentCell.swift */ = {isa = PBXFileReference; lastKnownFileType = sourcecode.swift; path = FoodContentCell.swift; sourceTree = "<group>"; };
		26CCAF5E2A07007400E06C83 /* View+CornerRadius.swift */ = {isa = PBXFileReference; lastKnownFileType = sourcecode.swift; path = "View+CornerRadius.swift"; sourceTree = "<group>"; };
		26CCAF622A07009300E06C83 /* RoundedCorner.swift */ = {isa = PBXFileReference; lastKnownFileType = sourcecode.swift; path = RoundedCorner.swift; sourceTree = "<group>"; };
/* End PBXFileReference section */

/* Begin PBXFrameworksBuildPhase section */
		265E796B2A06DAF80020ACF4 /* Frameworks */ = {
			isa = PBXFrameworksBuildPhase;
			buildActionMask = 2147483647;
			files = (
			);
			runOnlyForDeploymentPostprocessing = 0;
		};
/* End PBXFrameworksBuildPhase section */

/* Begin PBXGroup section */
		265E79652A06DAF70020ACF4 = {
			isa = PBXGroup;
			children = (
				265E79702A06DAF80020ACF4 /* RecipeMaker */,
				265E796F2A06DAF80020ACF4 /* Products */,
			);
			sourceTree = "<group>";
		};
		265E796F2A06DAF80020ACF4 /* Products */ = {
			isa = PBXGroup;
			children = (
				265E796E2A06DAF80020ACF4 /* RecipeMaker.app */,
			);
			name = Products;
			sourceTree = "<group>";
		};
		265E79702A06DAF80020ACF4 /* RecipeMaker */ = {
			isa = PBXGroup;
			children = (
				26CCAF602A07008900E06C83 /* Shared */,
				26CCAF5C2A07006600E06C83 /* Extensions */,
				265E797F2A06DBA20020ACF4 /* Views */,
				265E79712A06DAF80020ACF4 /* RecipeMakerApp.swift */,
				265E79752A06DAF80020ACF4 /* Assets.xcassets */,
				265E79772A06DAF80020ACF4 /* Preview Content */,
			);
			path = RecipeMaker;
			sourceTree = "<group>";
		};
		265E79772A06DAF80020ACF4 /* Preview Content */ = {
			isa = PBXGroup;
			children = (
				265E79782A06DAF80020ACF4 /* Preview Assets.xcassets */,
			);
			path = "Preview Content";
			sourceTree = "<group>";
		};
		265E797F2A06DBA20020ACF4 /* Views */ = {
			isa = PBXGroup;
			children = (
				265E79862A06E25E0020ACF4 /* FoodContent */,
				265E79832A06E1F40020ACF4 /* FindRecipes */,
				265E79802A06DBA70020ACF4 /* TabBar */,
			);
			path = Views;
			sourceTree = "<group>";
		};
		265E79802A06DBA70020ACF4 /* TabBar */ = {
			isa = PBXGroup;
			children = (
				265E79812A06DBB20020ACF4 /* TabBarView.swift */,
			);
			path = TabBar;
			sourceTree = "<group>";
		};
		265E79832A06E1F40020ACF4 /* FindRecipes */ = {
			isa = PBXGroup;
			children = (
				265E79902A06F2460020ACF4 /* Models */,
				265E798D2A06F2190020ACF4 /* Cells */,
				265E79842A06E2080020ACF4 /* FindRecipesView.swift */,
				265E798B2A06E41C0020ACF4 /* FindRecipesViewModel.swift */,
			);
			path = FindRecipes;
			sourceTree = "<group>";
		};
		265E79862A06E25E0020ACF4 /* FoodContent */ = {
			isa = PBXGroup;
			children = (
				26CCAF592A06FF7000E06C83 /* Cells */,
				26CCAF562A06FF6200E06C83 /* Models */,
				265E79872A06E26B0020ACF4 /* FoodContentView.swift */,
				265E79892A06E3B70020ACF4 /* FoodContentViewModel.swift */,
			);
			path = FoodContent;
			sourceTree = "<group>";
		};
		265E798D2A06F2190020ACF4 /* Cells */ = {
			isa = PBXGroup;
			children = (
				265E798E2A06F2220020ACF4 /* RecipeCell.swift */,
			);
			path = Cells;
			sourceTree = "<group>";
		};
		265E79902A06F2460020ACF4 /* Models */ = {
			isa = PBXGroup;
			children = (
				265E79912A06F2570020ACF4 /* RecipeItem.swift */,
			);
			path = Models;
			sourceTree = "<group>";
		};
		26CCAF562A06FF6200E06C83 /* Models */ = {
			isa = PBXGroup;
			children = (
				26CCAF572A06FF6A00E06C83 /* FoodContentItem.swift */,
			);
			path = Models;
			sourceTree = "<group>";
		};
		26CCAF592A06FF7000E06C83 /* Cells */ = {
			isa = PBXGroup;
			children = (
				26CCAF5A2A06FF7B00E06C83 /* FoodContentCell.swift */,
			);
			path = Cells;
			sourceTree = "<group>";
		};
		26CCAF5C2A07006600E06C83 /* Extensions */ = {
			isa = PBXGroup;
			children = (
				26CCAF5D2A07006B00E06C83 /* View */,
			);
			path = Extensions;
			sourceTree = "<group>";
		};
		26CCAF5D2A07006B00E06C83 /* View */ = {
			isa = PBXGroup;
			children = (
				26CCAF5E2A07007400E06C83 /* View+CornerRadius.swift */,
			);
			path = View;
			sourceTree = "<group>";
		};
		26CCAF602A07008900E06C83 /* Shared */ = {
			isa = PBXGroup;
			children = (
				26CCAF612A07008C00E06C83 /* RoundedCorner */,
			);
			path = Shared;
			sourceTree = "<group>";
		};
		26CCAF612A07008C00E06C83 /* RoundedCorner */ = {
			isa = PBXGroup;
			children = (
				26CCAF622A07009300E06C83 /* RoundedCorner.swift */,
			);
			path = RoundedCorner;
			sourceTree = "<group>";
		};
/* End PBXGroup section */

/* Begin PBXNativeTarget section */
		265E796D2A06DAF80020ACF4 /* RecipeMaker */ = {
			isa = PBXNativeTarget;
			buildConfigurationList = 265E797C2A06DAF80020ACF4 /* Build configuration list for PBXNativeTarget "RecipeMaker" */;
			buildPhases = (
				265E796A2A06DAF80020ACF4 /* Sources */,
				265E796B2A06DAF80020ACF4 /* Frameworks */,
				265E796C2A06DAF80020ACF4 /* Resources */,
			);
			buildRules = (
			);
			dependencies = (
			);
			name = RecipeMaker;
			productName = RecipeMaker;
			productReference = 265E796E2A06DAF80020ACF4 /* RecipeMaker.app */;
			productType = "com.apple.product-type.application";
		};
/* End PBXNativeTarget section */

/* Begin PBXProject section */
		265E79662A06DAF70020ACF4 /* Project object */ = {
			isa = PBXProject;
			attributes = {
				BuildIndependentTargetsInParallel = 1;
				LastSwiftUpdateCheck = 1430;
				LastUpgradeCheck = 1430;
				TargetAttributes = {
					265E796D2A06DAF80020ACF4 = {
						CreatedOnToolsVersion = 14.3;
					};
				};
			};
			buildConfigurationList = 265E79692A06DAF70020ACF4 /* Build configuration list for PBXProject "RecipeMaker" */;
			compatibilityVersion = "Xcode 14.0";
			developmentRegion = en;
			hasScannedForEncodings = 0;
			knownRegions = (
				en,
				Base,
			);
			mainGroup = 265E79652A06DAF70020ACF4;
			productRefGroup = 265E796F2A06DAF80020ACF4 /* Products */;
			projectDirPath = "";
			projectRoot = "";
			targets = (
				265E796D2A06DAF80020ACF4 /* RecipeMaker */,
			);
		};
/* End PBXProject section */

/* Begin PBXResourcesBuildPhase section */
		265E796C2A06DAF80020ACF4 /* Resources */ = {
			isa = PBXResourcesBuildPhase;
			buildActionMask = 2147483647;
			files = (
				265E79792A06DAF80020ACF4 /* Preview Assets.xcassets in Resources */,
				265E79762A06DAF80020ACF4 /* Assets.xcassets in Resources */,
			);
			runOnlyForDeploymentPostprocessing = 0;
		};
/* End PBXResourcesBuildPhase section */

/* Begin PBXSourcesBuildPhase section */
		265E796A2A06DAF80020ACF4 /* Sources */ = {
			isa = PBXSourcesBuildPhase;
			buildActionMask = 2147483647;
			files = (
				26CCAF632A07009300E06C83 /* RoundedCorner.swift in Sources */,
				265E79852A06E2080020ACF4 /* FindRecipesView.swift in Sources */,
				265E79822A06DBB20020ACF4 /* TabBarView.swift in Sources */,
				265E79922A06F2570020ACF4 /* RecipeItem.swift in Sources */,
				26CCAF5F2A07007400E06C83 /* View+CornerRadius.swift in Sources */,
				26CCAF5B2A06FF7B00E06C83 /* FoodContentCell.swift in Sources */,
				265E79882A06E26B0020ACF4 /* FoodContentView.swift in Sources */,
				265E798F2A06F2220020ACF4 /* RecipeCell.swift in Sources */,
				265E79722A06DAF80020ACF4 /* RecipeMakerApp.swift in Sources */,
				26CCAF582A06FF6A00E06C83 /* FoodContentItem.swift in Sources */,
				265E798A2A06E3B70020ACF4 /* FoodContentViewModel.swift in Sources */,
				265E798C2A06E41C0020ACF4 /* FindRecipesViewModel.swift in Sources */,
			);
			runOnlyForDeploymentPostprocessing = 0;
		};
/* End PBXSourcesBuildPhase section */

/* Begin XCBuildConfiguration section */
		265E797A2A06DAF80020ACF4 /* Debug */ = {
			isa = XCBuildConfiguration;
			buildSettings = {
				ALWAYS_SEARCH_USER_PATHS = NO;
				CLANG_ANALYZER_NONNULL = YES;
				CLANG_ANALYZER_NUMBER_OBJECT_CONVERSION = YES_AGGRESSIVE;
				CLANG_CXX_LANGUAGE_STANDARD = "gnu++20";
				CLANG_ENABLE_MODULES = YES;
				CLANG_ENABLE_OBJC_ARC = YES;
				CLANG_ENABLE_OBJC_WEAK = YES;
				CLANG_WARN_BLOCK_CAPTURE_AUTORELEASING = YES;
				CLANG_WARN_BOOL_CONVERSION = YES;
				CLANG_WARN_COMMA = YES;
				CLANG_WARN_CONSTANT_CONVERSION = YES;
				CLANG_WARN_DEPRECATED_OBJC_IMPLEMENTATIONS = YES;
				CLANG_WARN_DIRECT_OBJC_ISA_USAGE = YES_ERROR;
				CLANG_WARN_DOCUMENTATION_COMMENTS = YES;
				CLANG_WARN_EMPTY_BODY = YES;
				CLANG_WARN_ENUM_CONVERSION = YES;
				CLANG_WARN_INFINITE_RECURSION = YES;
				CLANG_WARN_INT_CONVERSION = YES;
				CLANG_WARN_NON_LITERAL_NULL_CONVERSION = YES;
				CLANG_WARN_OBJC_IMPLICIT_RETAIN_SELF = YES;
				CLANG_WARN_OBJC_LITERAL_CONVERSION = YES;
				CLANG_WARN_OBJC_ROOT_CLASS = YES_ERROR;
				CLANG_WARN_QUOTED_INCLUDE_IN_FRAMEWORK_HEADER = YES;
				CLANG_WARN_RANGE_LOOP_ANALYSIS = YES;
				CLANG_WARN_STRICT_PROTOTYPES = YES;
				CLANG_WARN_SUSPICIOUS_MOVE = YES;
				CLANG_WARN_UNGUARDED_AVAILABILITY = YES_AGGRESSIVE;
				CLANG_WARN_UNREACHABLE_CODE = YES;
				CLANG_WARN__DUPLICATE_METHOD_MATCH = YES;
				COPY_PHASE_STRIP = NO;
				DEBUG_INFORMATION_FORMAT = dwarf;
				ENABLE_STRICT_OBJC_MSGSEND = YES;
				ENABLE_TESTABILITY = YES;
				GCC_C_LANGUAGE_STANDARD = gnu11;
				GCC_DYNAMIC_NO_PIC = NO;
				GCC_NO_COMMON_BLOCKS = YES;
				GCC_OPTIMIZATION_LEVEL = 0;
				GCC_PREPROCESSOR_DEFINITIONS = (
					"DEBUG=1",
					"$(inherited)",
				);
				GCC_WARN_64_TO_32_BIT_CONVERSION = YES;
				GCC_WARN_ABOUT_RETURN_TYPE = YES_ERROR;
				GCC_WARN_UNDECLARED_SELECTOR = YES;
				GCC_WARN_UNINITIALIZED_AUTOS = YES_AGGRESSIVE;
				GCC_WARN_UNUSED_FUNCTION = YES;
				GCC_WARN_UNUSED_VARIABLE = YES;
				IPHONEOS_DEPLOYMENT_TARGET = 16.4;
				MTL_ENABLE_DEBUG_INFO = INCLUDE_SOURCE;
				MTL_FAST_MATH = YES;
				ONLY_ACTIVE_ARCH = YES;
				SDKROOT = iphoneos;
				SWIFT_ACTIVE_COMPILATION_CONDITIONS = DEBUG;
				SWIFT_OPTIMIZATION_LEVEL = "-Onone";
			};
			name = Debug;
		};
		265E797B2A06DAF80020ACF4 /* Release */ = {
			isa = XCBuildConfiguration;
			buildSettings = {
				ALWAYS_SEARCH_USER_PATHS = NO;
				CLANG_ANALYZER_NONNULL = YES;
				CLANG_ANALYZER_NUMBER_OBJECT_CONVERSION = YES_AGGRESSIVE;
				CLANG_CXX_LANGUAGE_STANDARD = "gnu++20";
				CLANG_ENABLE_MODULES = YES;
				CLANG_ENABLE_OBJC_ARC = YES;
				CLANG_ENABLE_OBJC_WEAK = YES;
				CLANG_WARN_BLOCK_CAPTURE_AUTORELEASING = YES;
				CLANG_WARN_BOOL_CONVERSION = YES;
				CLANG_WARN_COMMA = YES;
				CLANG_WARN_CONSTANT_CONVERSION = YES;
				CLANG_WARN_DEPRECATED_OBJC_IMPLEMENTATIONS = YES;
				CLANG_WARN_DIRECT_OBJC_ISA_USAGE = YES_ERROR;
				CLANG_WARN_DOCUMENTATION_COMMENTS = YES;
				CLANG_WARN_EMPTY_BODY = YES;
				CLANG_WARN_ENUM_CONVERSION = YES;
				CLANG_WARN_INFINITE_RECURSION = YES;
				CLANG_WARN_INT_CONVERSION = YES;
				CLANG_WARN_NON_LITERAL_NULL_CONVERSION = YES;
				CLANG_WARN_OBJC_IMPLICIT_RETAIN_SELF = YES;
				CLANG_WARN_OBJC_LITERAL_CONVERSION = YES;
				CLANG_WARN_OBJC_ROOT_CLASS = YES_ERROR;
				CLANG_WARN_QUOTED_INCLUDE_IN_FRAMEWORK_HEADER = YES;
				CLANG_WARN_RANGE_LOOP_ANALYSIS = YES;
				CLANG_WARN_STRICT_PROTOTYPES = YES;
				CLANG_WARN_SUSPICIOUS_MOVE = YES;
				CLANG_WARN_UNGUARDED_AVAILABILITY = YES_AGGRESSIVE;
				CLANG_WARN_UNREACHABLE_CODE = YES;
				CLANG_WARN__DUPLICATE_METHOD_MATCH = YES;
				COPY_PHASE_STRIP = NO;
				DEBUG_INFORMATION_FORMAT = "dwarf-with-dsym";
				ENABLE_NS_ASSERTIONS = NO;
				ENABLE_STRICT_OBJC_MSGSEND = YES;
				GCC_C_LANGUAGE_STANDARD = gnu11;
				GCC_NO_COMMON_BLOCKS = YES;
				GCC_WARN_64_TO_32_BIT_CONVERSION = YES;
				GCC_WARN_ABOUT_RETURN_TYPE = YES_ERROR;
				GCC_WARN_UNDECLARED_SELECTOR = YES;
				GCC_WARN_UNINITIALIZED_AUTOS = YES_AGGRESSIVE;
				GCC_WARN_UNUSED_FUNCTION = YES;
				GCC_WARN_UNUSED_VARIABLE = YES;
				IPHONEOS_DEPLOYMENT_TARGET = 16.4;
				MTL_ENABLE_DEBUG_INFO = NO;
				MTL_FAST_MATH = YES;
				SDKROOT = iphoneos;
				SWIFT_COMPILATION_MODE = wholemodule;
				SWIFT_OPTIMIZATION_LEVEL = "-O";
				VALIDATE_PRODUCT = YES;
			};
			name = Release;
		};
		265E797D2A06DAF80020ACF4 /* Debug */ = {
			isa = XCBuildConfiguration;
			buildSettings = {
				ASSETCATALOG_COMPILER_APPICON_NAME = AppIcon;
				ASSETCATALOG_COMPILER_GLOBAL_ACCENT_COLOR_NAME = AccentColor;
				CODE_SIGN_STYLE = Automatic;
				CURRENT_PROJECT_VERSION = 1;
				DEVELOPMENT_ASSET_PATHS = "\"RecipeMaker/Preview Content\"";
				DEVELOPMENT_TEAM = BT4J67MR3F;
				ENABLE_PREVIEWS = YES;
				GENERATE_INFOPLIST_FILE = YES;
				INFOPLIST_KEY_UIApplicationSceneManifest_Generation = YES;
				INFOPLIST_KEY_UIApplicationSupportsIndirectInputEvents = YES;
				INFOPLIST_KEY_UILaunchScreen_Generation = YES;
				INFOPLIST_KEY_UISupportedInterfaceOrientations_iPad = "UIInterfaceOrientationPortrait UIInterfaceOrientationPortraitUpsideDown UIInterfaceOrientationLandscapeLeft UIInterfaceOrientationLandscapeRight";
				INFOPLIST_KEY_UISupportedInterfaceOrientations_iPhone = "UIInterfaceOrientationPortrait UIInterfaceOrientationLandscapeLeft UIInterfaceOrientationLandscapeRight";
				LD_RUNPATH_SEARCH_PATHS = (
					"$(inherited)",
					"@executable_path/Frameworks",
				);
				MARKETING_VERSION = 1.0;
				PRODUCT_BUNDLE_IDENTIFIER = com.jaymerutkoski.RecipeMaker;
				PRODUCT_NAME = "$(TARGET_NAME)";
				SWIFT_EMIT_LOC_STRINGS = YES;
				SWIFT_VERSION = 5.0;
				TARGETED_DEVICE_FAMILY = "1,2";
			};
			name = Debug;
		};
		265E797E2A06DAF80020ACF4 /* Release */ = {
			isa = XCBuildConfiguration;
			buildSettings = {
				ASSETCATALOG_COMPILER_APPICON_NAME = AppIcon;
				ASSETCATALOG_COMPILER_GLOBAL_ACCENT_COLOR_NAME = AccentColor;
				CODE_SIGN_STYLE = Automatic;
				CURRENT_PROJECT_VERSION = 1;
				DEVELOPMENT_ASSET_PATHS = "\"RecipeMaker/Preview Content\"";
				DEVELOPMENT_TEAM = BT4J67MR3F;
				ENABLE_PREVIEWS = YES;
				GENERATE_INFOPLIST_FILE = YES;
				INFOPLIST_KEY_UIApplicationSceneManifest_Generation = YES;
				INFOPLIST_KEY_UIApplicationSupportsIndirectInputEvents = YES;
				INFOPLIST_KEY_UILaunchScreen_Generation = YES;
				INFOPLIST_KEY_UISupportedInterfaceOrientations_iPad = "UIInterfaceOrientationPortrait UIInterfaceOrientationPortraitUpsideDown UIInterfaceOrientationLandscapeLeft UIInterfaceOrientationLandscapeRight";
				INFOPLIST_KEY_UISupportedInterfaceOrientations_iPhone = "UIInterfaceOrientationPortrait UIInterfaceOrientationLandscapeLeft UIInterfaceOrientationLandscapeRight";
				LD_RUNPATH_SEARCH_PATHS = (
					"$(inherited)",
					"@executable_path/Frameworks",
				);
				MARKETING_VERSION = 1.0;
				PRODUCT_BUNDLE_IDENTIFIER = com.jaymerutkoski.RecipeMaker;
				PRODUCT_NAME = "$(TARGET_NAME)";
				SWIFT_EMIT_LOC_STRINGS = YES;
				SWIFT_VERSION = 5.0;
				TARGETED_DEVICE_FAMILY = "1,2";
			};
			name = Release;
		};
/* End XCBuildConfiguration section */

/* Begin XCConfigurationList section */
		265E79692A06DAF70020ACF4 /* Build configuration list for PBXProject "RecipeMaker" */ = {
			isa = XCConfigurationList;
			buildConfigurations = (
				265E797A2A06DAF80020ACF4 /* Debug */,
				265E797B2A06DAF80020ACF4 /* Release */,
			);
			defaultConfigurationIsVisible = 0;
			defaultConfigurationName = Release;
		};
		265E797C2A06DAF80020ACF4 /* Build configuration list for PBXNativeTarget "RecipeMaker" */ = {
			isa = XCConfigurationList;
			buildConfigurations = (
				265E797D2A06DAF80020ACF4 /* Debug */,
				265E797E2A06DAF80020ACF4 /* Release */,
			);
			defaultConfigurationIsVisible = 0;
			defaultConfigurationName = Release;
		};
/* End XCConfigurationList section */
	};
	rootObject = 265E79662A06DAF70020ACF4 /* Project object */;
}
